
Microsoft Visual Studio Solution File, Format Version 12.00
# Visual Studio Version 17
VisualStudioVersion = 17.8.34330.188
MinimumVisualStudioVersion = 10.0.40219.1
Project("{9A19103F-16F7-4668-BE54-9A1E7A4F7556}") = "MyProject.Web", "MyProject.Web.csproj", "{0EF904EE-AC1F-48DC-869B-C8B5B713C385}"
EndProject
Project("{9A19103F-16F7-4668-BE54-9A1E7A4F7556}") = "MyWebsite.Application", "..\MyWebsite.Application\MyWebsite.Application.csproj", "{2C47EC4F-4013-459C-B615-51DC90766C3F}"
EndProject
Project("{9A19103F-16F7-4668-BE54-9A1E7A4F7556}") = "MyWebsite.Data", "..\MyWebsite.Data\MyWebsite.Data.csproj", "{6F0A752C-161A-461C-8AC5-9B4E628E50AA}"
EndProject
Project("{9A19103F-16F7-4668-BE54-9A1E7A4F7556}") = "MyWebsite.Data.EF", "..\MyWebsite.Data.EF\MyWebsite.Data.EF.csproj", "{EDCF15F1-B5F0-4E1C-AB6F-DFDE2CF00E3F}"
EndProject
Project("{9A19103F-16F7-4668-BE54-9A1E7A4F7556}") = "MyWebsite.Infrastructure", "..\MyWebsite.Infrastructure\MyWebsite.Infrastructure.csproj", "{2D4049D9-E92C-456E-A460-15A943618106}"
EndProject
Global
	GlobalSection(SolutionConfigurationPlatforms) = preSolution
		Debug|Any CPU = Debug|Any CPU
		Release|Any CPU = Release|Any CPU
	EndGlobalSection
	GlobalSection(ProjectConfigurationPlatforms) = postSolution
		{0EF904EE-AC1F-48DC-869B-C8B5B713C385}.Debug|Any CPU.ActiveCfg = Debug|Any CPU
		{0EF904EE-AC1F-48DC-869B-C8B5B713C385}.Debug|Any CPU.Build.0 = Debug|Any CPU
		{0EF904EE-AC1F-48DC-869B-C8B5B713C385}.Release|Any CPU.ActiveCfg = Release|Any CPU
		{0EF904EE-AC1F-48DC-869B-C8B5B713C385}.Release|Any CPU.Build.0 = Release|Any CPU
		{2C47EC4F-4013-459C-B615-51DC90766C3F}.Debug|Any CPU.ActiveCfg = Debug|Any CPU
		{2C47EC4F-4013-459C-B615-51DC90766C3F}.Debug|Any CPU.Build.0 = Debug|Any CPU
		{2C47EC4F-4013-459C-B615-51DC90766C3F}.Release|Any CPU.ActiveCfg = Release|Any CPU
		{2C47EC4F-4013-459C-B615-51DC90766C3F}.Release|Any CPU.Build.0 = Release|Any CPU
		{6F0A752C-161A-461C-8AC5-9B4E628E50AA}.Debug|Any CPU.ActiveCfg = Debug|Any CPU
		{6F0A752C-161A-461C-8AC5-9B4E628E50AA}.Debug|Any CPU.Build.0 = Debug|Any CPU
		{6F0A752C-161A-461C-8AC5-9B4E628E50AA}.Release|Any CPU.ActiveCfg = Release|Any CPU
		{6F0A752C-161A-461C-8AC5-9B4E628E50AA}.Release|Any CPU.Build.0 = Release|Any CPU
		{EDCF15F1-B5F0-4E1C-AB6F-DFDE2CF00E3F}.Debug|Any CPU.ActiveCfg = Debug|Any CPU
		{EDCF15F1-B5F0-4E1C-AB6F-DFDE2CF00E3F}.Debug|Any CPU.Build.0 = Debug|Any CPU
		{EDCF15F1-B5F0-4E1C-AB6F-DFDE2CF00E3F}.Release|Any CPU.ActiveCfg = Release|Any CPU
		{EDCF15F1-B5F0-4E1C-AB6F-DFDE2CF00E3F}.Release|Any CPU.Build.0 = Release|Any CPU
		{2D4049D9-E92C-456E-A460-15A943618106}.Debug|Any CPU.ActiveCfg = Debug|Any CPU
		{2D4049D9-E92C-456E-A460-15A943618106}.Debug|Any CPU.Build.0 = Debug|Any CPU
		{2D4049D9-E92C-456E-A460-15A943618106}.Release|Any CPU.ActiveCfg = Release|Any CPU
		{2D4049D9-E92C-456E-A460-15A943618106}.Release|Any CPU.Build.0 = Release|Any CPU
	EndGlobalSection
	GlobalSection(SolutionProperties) = preSolution
		HideSolutionNode = FALSE
	EndGlobalSection
	GlobalSection(ExtensibilityGlobals) = postSolution
		SolutionGuid = {13E1C719-4E9E-4113-A714-DDF2FEF7C820}
	EndGlobalSection
EndGlobal
